
Microsoft Visual Studio Solution File, Format Version 12.00
# Visual Studio Version 16
VisualStudioVersion = 16.0.31424.327
MinimumVisualStudioVersion = 10.0.40219.1
Project("{FAE04EC0-301F-11D3-BF4B-00C04F79EFBC}") = "WseiLab7", "WseiLab7\WseiLab7.csproj", "{EADF3B08-545D-43D5-AC4D-14CB469031A9}"
EndProject
Global
	GlobalSection(SolutionConfigurationPlatforms) = preSolution
		Debug|Any CPU = Debug|Any CPU
		Release|Any CPU = Release|Any CPU
	EndGlobalSection
	GlobalSection(ProjectConfigurationPlatforms) = postSolution
		{EADF3B08-545D-43D5-AC4D-14CB469031A9}.Debug|Any CPU.ActiveCfg = Debug|Any CPU
		{EADF3B08-545D-43D5-AC4D-14CB469031A9}.Debug|Any CPU.Build.0 = Debug|Any CPU
		{EADF3B08-545D-43D5-AC4D-14CB469031A9}.Release|Any CPU.ActiveCfg = Release|Any CPU
		{EADF3B08-545D-43D5-AC4D-14CB469031A9}.Release|Any CPU.Build.0 = Release|Any CPU
	EndGlobalSection
	GlobalSection(SolutionProperties) = preSolution
		HideSolutionNode = FALSE
	EndGlobalSection
	GlobalSection(ExtensibilityGlobals) = postSolution
		SolutionGuid = {495ED0BC-4202-4323-8092-DB5ECE03F8D2}
	EndGlobalSection
EndGlobal
